
Microsoft Visual Studio Solution File, Format Version 12.00
# Visual Studio Version 17
VisualStudioVersion = 17.0.31912.275
MinimumVisualStudioVersion = 10.0.40219.1
Project("{FAE04EC0-301F-11D3-BF4B-00C04F79EFBC}") = "VenusDigital", "VenusDigital\VenusDigital.csproj", "{68227A2F-459E-47DA-8ABD-9D46E826CA3D}"
EndProject
Global
	GlobalSection(SolutionConfigurationPlatforms) = preSolution
		Debug|Any CPU = Debug|Any CPU
		Release|Any CPU = Release|Any CPU
	EndGlobalSection
	GlobalSection(ProjectConfigurationPlatforms) = postSolution
		{68227A2F-459E-47DA-8ABD-9D46E826CA3D}.Debug|Any CPU.ActiveCfg = Debug|Any CPU
		{68227A2F-459E-47DA-8ABD-9D46E826CA3D}.Debug|Any CPU.Build.0 = Debug|Any CPU
		{68227A2F-459E-47DA-8ABD-9D46E826CA3D}.Release|Any CPU.ActiveCfg = Release|Any CPU
		{68227A2F-459E-47DA-8ABD-9D46E826CA3D}.Release|Any CPU.Build.0 = Release|Any CPU
	EndGlobalSection
	GlobalSection(SolutionProperties) = preSolution
		HideSolutionNode = FALSE
	EndGlobalSection
	GlobalSection(ExtensibilityGlobals) = postSolution
		SolutionGuid = {FEAD81ED-1419-426D-836D-7BDD8A7990A3}
	EndGlobalSection
EndGlobal
